
Microsoft Visual Studio Solution File, Format Version 12.00
# Visual Studio 14
VisualStudioVersion = 14.0.23107.0
MinimumVisualStudioVersion = 10.0.40219.1
Project("{F184B08F-C81C-45F6-A57F-5ABD9991F28F}") = "alaa alharg", "alaa alharg\alaa alharg.vbproj", "{CA204B70-13E2-4361-87CE-287AAD4831C0}"
EndProject
Global
	GlobalSection(SolutionConfigurationPlatforms) = preSolution
		Debug|Any CPU = Debug|Any CPU
		Release|Any CPU = Release|Any CPU
	EndGlobalSection
	GlobalSection(ProjectConfigurationPlatforms) = postSolution
		{CA204B70-13E2-4361-87CE-287AAD4831C0}.Debug|Any CPU.ActiveCfg = Debug|Any CPU
		{CA204B70-13E2-4361-87CE-287AAD4831C0}.Debug|Any CPU.Build.0 = Debug|Any CPU
		{CA204B70-13E2-4361-87CE-287AAD4831C0}.Release|Any CPU.ActiveCfg = Release|Any CPU
		{CA204B70-13E2-4361-87CE-287AAD4831C0}.Release|Any CPU.Build.0 = Release|Any CPU
	EndGlobalSection
	GlobalSection(SolutionProperties) = preSolution
		HideSolutionNode = FALSE
	EndGlobalSection
EndGlobal
